// !$*UTF8*$!
{
	archiveVersion = 1;
	classes = {
	};
	objectVersion = 46;
	objects = {

/* Begin PBXBuildFile section */
		A67B396E1C04A713002E71C1 /* AppDelegate.swift in Sources */ = {isa = PBXBuildFile; fileRef = A67B396D1C04A713002E71C1 /* AppDelegate.swift */; };
		A67B39701C04A713002E71C1 /* ViewController.swift in Sources */ = {isa = PBXBuildFile; fileRef = A67B396F1C04A713002E71C1 /* ViewController.swift */; };
		A67B39731C04A713002E71C1 /* Main.storyboard in Resources */ = {isa = PBXBuildFile; fileRef = A67B39711C04A713002E71C1 /* Main.storyboard */; };
		A67B39751C04A713002E71C1 /* Images.xcassets in Resources */ = {isa = PBXBuildFile; fileRef = A67B39741C04A713002E71C1 /* Images.xcassets */; };
		A67B39781C04A713002E71C1 /* LaunchScreen.xib in Resources */ = {isa = PBXBuildFile; fileRef = A67B39761C04A713002E71C1 /* LaunchScreen.xib */; };
		A67B39841C04A713002E71C1 /* TrailerTests.swift in Sources */ = {isa = PBXBuildFile; fileRef = A67B39831C04A713002E71C1 /* TrailerTests.swift */; };
/* End PBXBuildFile section */

/* Begin PBXContainerItemProxy section */
		A67B397E1C04A713002E71C1 /* PBXContainerItemProxy */ = {
			isa = PBXContainerItemProxy;
			containerPortal = A67B39601C04A713002E71C1 /* Project object */;
			proxyType = 1;
			remoteGlobalIDString = A67B39671C04A713002E71C1;
			remoteInfo = Trailer;
		};
/* End PBXContainerItemProxy section */

/* Begin PBXFileReference section */
		A67B39681C04A713002E71C1 /* Trailer.app */ = {isa = PBXFileReference; explicitFileType = wrapper.application; includeInIndex = 0; path = Trailer.app; sourceTree = BUILT_PRODUCTS_DIR; };
		A67B396C1C04A713002E71C1 /* Info.plist */ = {isa = PBXFileReference; lastKnownFileType = text.plist.xml; path = Info.plist; sourceTree = "<group>"; };
		A67B396D1C04A713002E71C1 /* AppDelegate.swift */ = {isa = PBXFileReference; lastKnownFileType = sourcecode.swift; path = AppDelegate.swift; sourceTree = "<group>"; };
		A67B396F1C04A713002E71C1 /* ViewController.swift */ = {isa = PBXFileReference; lastKnownFileType = sourcecode.swift; path = ViewController.swift; sourceTree = "<group>"; };
		A67B39721C04A713002E71C1 /* Base */ = {isa = PBXFileReference; lastKnownFileType = file.storyboard; name = Base; path = Base.lproj/Main.storyboard; sourceTree = "<group>"; };
		A67B39741C04A713002E71C1 /* Images.xcassets */ = {isa = PBXFileReference; lastKnownFileType = folder.assetcatalog; path = Images.xcassets; sourceTree = "<group>"; };
		A67B39771C04A713002E71C1 /* Base */ = {isa = PBXFileReference; lastKnownFileType = file.xib; name = Base; path = Base.lproj/LaunchScreen.xib; sourceTree = "<group>"; };
		A67B397D1C04A713002E71C1 /* TrailerTests.xctest */ = {isa = PBXFileReference; explicitFileType = wrapper.cfbundle; includeInIndex = 0; path = TrailerTests.xctest; sourceTree = BUILT_PRODUCTS_DIR; };
		A67B39821C04A713002E71C1 /* Info.plist */ = {isa = PBXFileReference; lastKnownFileType = text.plist.xml; path = Info.plist; sourceTree = "<group>"; };
		A67B39831C04A713002E71C1 /* TrailerTests.swift */ = {isa = PBXFileReference; lastKnownFileType = sourcecode.swift; path = TrailerTests.swift; sourceTree = "<group>"; };
/* End PBXFileReference section */

/* Begin PBXFrameworksBuildPhase section */
		A67B39651C04A713002E71C1 /* Frameworks */ = {
			isa = PBXFrameworksBuildPhase;
			buildActionMask = 2147483647;
			files = (
			);
			runOnlyForDeploymentPostprocessing = 0;
		};
		A67B397A1C04A713002E71C1 /* Frameworks */ = {
			isa = PBXFrameworksBuildPhase;
			buildActionMask = 2147483647;
			files = (
			);
			runOnlyForDeploymentPostprocessing = 0;
		};
/* End PBXFrameworksBuildPhase section */

/* Begin PBXGroup section */
		A67B395F1C04A713002E71C1 = {
			isa = PBXGroup;
			children = (
				A67B396A1C04A713002E71C1 /* Trailer */,
				A67B39801C04A713002E71C1 /* TrailerTests */,
				A67B39691C04A713002E71C1 /* Products */,
			);
			sourceTree = "<group>";
		};
		A67B39691C04A713002E71C1 /* Products */ = {
			isa = PBXGroup;
			children = (
				A67B39681C04A713002E71C1 /* Trailer.app */,
				A67B397D1C04A713002E71C1 /* TrailerTests.xctest */,
			);
			name = Products;
			sourceTree = "<group>";
		};
		A67B396A1C04A713002E71C1 /* Trailer */ = {
			isa = PBXGroup;
			children = (
				A67B396D1C04A713002E71C1 /* AppDelegate.swift */,
				A67B396F1C04A713002E71C1 /* ViewController.swift */,
				A67B39711C04A713002E71C1 /* Main.storyboard */,
				A67B39741C04A713002E71C1 /* Images.xcassets */,
				A67B39761C04A713002E71C1 /* LaunchScreen.xib */,
				A67B396B1C04A713002E71C1 /* Supporting Files */,
			);
			path = Trailer;
			sourceTree = "<group>";
		};
		A67B396B1C04A713002E71C1 /* Supporting Files */ = {
			isa = PBXGroup;
			children = (
				A67B396C1C04A713002E71C1 /* Info.plist */,
			);
			name = "Supporting Files";
			sourceTree = "<group>";
		};
		A67B39801C04A713002E71C1 /* TrailerTests */ = {
			isa = PBXGroup;
			children = (
				A67B39831C04A713002E71C1 /* TrailerTests.swift */,
				A67B39811C04A713002E71C1 /* Supporting Files */,
			);
			path = TrailerTests;
			sourceTree = "<group>";
		};
		A67B39811C04A713002E71C1 /* Supporting Files */ = {
			isa = PBXGroup;
			children = (
				A67B39821C04A713002E71C1 /* Info.plist */,
			);
			name = "Supporting Files";
			sourceTree = "<group>";
		};
/* End PBXGroup section */

/* Begin PBXNativeTarget section */
		A67B39671C04A713002E71C1 /* Trailer */ = {
			isa = PBXNativeTarget;
			buildConfigurationList = A67B39871C04A713002E71C1 /* Build configuration list for PBXNativeTarget "Trailer" */;
			buildPhases = (
				A67B39641C04A713002E71C1 /* Sources */,
				A67B39651C04A713002E71C1 /* Frameworks */,
				A67B39661C04A713002E71C1 /* Resources */,
			);
			buildRules = (
			);
			dependencies = (
			);
			name = Trailer;
			productName = Trailer;
			productReference = A67B39681C04A713002E71C1 /* Trailer.app */;
			productType = "com.apple.product-type.application";
		};
		A67B397C1C04A713002E71C1 /* TrailerTests */ = {
			isa = PBXNativeTarget;
			buildConfigurationList = A67B398A1C04A713002E71C1 /* Build configuration list for PBXNativeTarget "TrailerTests" */;
			buildPhases = (
				A67B39791C04A713002E71C1 /* Sources */,
				A67B397A1C04A713002E71C1 /* Frameworks */,
				A67B397B1C04A713002E71C1 /* Resources */,
			);
			buildRules = (
			);
			dependencies = (
				A67B397F1C04A713002E71C1 /* PBXTargetDependency */,
			);
			name = TrailerTests;
			productName = TrailerTests;
			productReference = A67B397D1C04A713002E71C1 /* TrailerTests.xctest */;
			productType = "com.apple.product-type.bundle.unit-test";
		};
/* End PBXNativeTarget section */

/* Begin PBXProject section */
		A67B39601C04A713002E71C1 /* Project object */ = {
			isa = PBXProject;
			attributes = {
				LastUpgradeCheck = 0640;
				ORGANIZATIONNAME = Movie;
				TargetAttributes = {
					A67B39671C04A713002E71C1 = {
						CreatedOnToolsVersion = 6.4;
					};
					A67B397C1C04A713002E71C1 = {
						CreatedOnToolsVersion = 6.4;
						TestTargetID = A67B39671C04A713002E71C1;
					};
				};
			};
			buildConfigurationList = A67B39631C04A713002E71C1 /* Build configuration list for PBXProject "Trailer" */;
			compatibilityVersion = "Xcode 3.2";
			developmentRegion = English;
			hasScannedForEncodings = 0;
			knownRegions = (
				en,
				Base,
			);
			mainGroup = A67B395F1C04A713002E71C1;
			productRefGroup = A67B39691C04A713002E71C1 /* Products */;
			projectDirPath = "";
			projectRoot = "";
			targets = (
				A67B39671C04A713002E71C1 /* Trailer */,
				A67B397C1C04A713002E71C1 /* TrailerTests */,
			);
		};
/* End PBXProject section */

/* Begin PBXResourcesBuildPhase section */
		A67B39661C04A713002E71C1 /* Resources */ = {
			isa = PBXResourcesBuildPhase;
			buildActionMask = 2147483647;
			files = (
				A67B39731C04A713002E71C1 /* Main.storyboard in Resources */,
				A67B39781C04A713002E71C1 /* LaunchScreen.xib in Resources */,
				A67B39751C04A713002E71C1 /* Images.xcassets in Resources */,
			);
			runOnlyForDeploymentPostprocessing = 0;
		};
		A67B397B1C04A713002E71C1 /* Resources */ = {
			isa = PBXResourcesBuildPhase;
			buildActionMask = 2147483647;
			files = (
			);
			runOnlyForDeploymentPostprocessing = 0;
		};
/* End PBXResourcesBuildPhase section */

/* Begin PBXSourcesBuildPhase section */
		A67B39641C04A713002E71C1 /* Sources */ = {
			isa = PBXSourcesBuildPhase;
			buildActionMask = 2147483647;
			files = (
				A67B39701C04A713002E71C1 /* ViewController.swift in Sources */,
				A67B396E1C04A713002E71C1 /* AppDelegate.swift in Sources */,
			);
			runOnlyForDeploymentPostprocessing = 0;
		};
		A67B39791C04A713002E71C1 /* Sources */ = {
			isa = PBXSourcesBuildPhase;
			buildActionMask = 2147483647;
			files = (
				A67B39841C04A713002E71C1 /* TrailerTests.swift in Sources */,
			);
			runOnlyForDeploymentPostprocessing = 0;
		};
/* End PBXSourcesBuildPhase section */

/* Begin PBXTargetDependency section */
		A67B397F1C04A713002E71C1 /* PBXTargetDependency */ = {
			isa = PBXTargetDependency;
			target = A67B39671C04A713002E71C1 /* Trailer */;
			targetProxy = A67B397E1C04A713002E71C1 /* PBXContainerItemProxy */;
		};
/* End PBXTargetDependency section */

/* Begin PBXVariantGroup section */
		A67B39711C04A713002E71C1 /* Main.storyboard */ = {
			isa = PBXVariantGroup;
			children = (
				A67B39721C04A713002E71C1 /* Base */,
			);
			name = Main.storyboard;
			sourceTree = "<group>";
		};
		A67B39761C04A713002E71C1 /* LaunchScreen.xib */ = {
			isa = PBXVariantGroup;
			children = (
				A67B39771C04A713002E71C1 /* Base */,
			);
			name = LaunchScreen.xib;
			sourceTree = "<group>";
		};
/* End PBXVariantGroup section */

/* Begin XCBuildConfiguration section */
		A67B39851C04A713002E71C1 /* Debug */ = {
			isa = XCBuildConfiguration;
			buildSettings = {
				ALWAYS_SEARCH_USER_PATHS = NO;
				CLANG_CXX_LANGUAGE_STANDARD = "gnu++0x";
				CLANG_CXX_LIBRARY = "libc++";
				CLANG_ENABLE_MODULES = YES;
				CLANG_ENABLE_OBJC_ARC = YES;
				CLANG_WARN_BOOL_CONVERSION = YES;
				CLANG_WARN_CONSTANT_CONVERSION = YES;
				CLANG_WARN_DIRECT_OBJC_ISA_USAGE = YES_ERROR;
				CLANG_WARN_EMPTY_BODY = YES;
				CLANG_WARN_ENUM_CONVERSION = YES;
				CLANG_WARN_INT_CONVERSION = YES;
				CLANG_WARN_OBJC_ROOT_CLASS = YES_ERROR;
				CLANG_WARN_UNREACHABLE_CODE = YES;
				CLANG_WARN__DUPLICATE_METHOD_MATCH = YES;
				"CODE_SIGN_IDENTITY[sdk=iphoneos*]" = "iPhone Developer";
				COPY_PHASE_STRIP = NO;
				DEBUG_INFORMATION_FORMAT = "dwarf-with-dsym";
				ENABLE_STRICT_OBJC_MSGSEND = YES;
				GCC_C_LANGUAGE_STANDARD = gnu99;
				GCC_DYNAMIC_NO_PIC = NO;
				GCC_NO_COMMON_BLOCKS = YES;
				GCC_OPTIMIZATION_LEVEL = 0;
				GCC_PREPROCESSOR_DEFINITIONS = (
					"DEBUG=1",
					"$(inherited)",
				);
				GCC_SYMBOLS_PRIVATE_EXTERN = NO;
				GCC_WARN_64_TO_32_BIT_CONVERSION = YES;
				GCC_WARN_ABOUT_RETURN_TYPE = YES_ERROR;
				GCC_WARN_UNDECLARED_SELECTOR = YES;
				GCC_WARN_UNINITIALIZED_AUTOS = YES_AGGRESSIVE;
				GCC_WARN_UNUSED_FUNCTION = YES;
				GCC_WARN_UNUSED_VARIABLE = YES;
				IPHONEOS_DEPLOYMENT_TARGET = 8.4;
				MTL_ENABLE_DEBUG_INFO = YES;
				ONLY_ACTIVE_ARCH = YES;
				SDKROOT = iphoneos;
				SWIFT_OPTIMIZATION_LEVEL = "-Onone";
				TARGETED_DEVICE_FAMILY = "1,2";
			};
			name = Debug;
		};
		A67B39861C04A713002E71C1 /* Release */ = {
			isa = XCBuildConfiguration;
			buildSettings = {
				ALWAYS_SEARCH_USER_PATHS = NO;
				CLANG_CXX_LANGUAGE_STANDARD = "gnu++0x";
				CLANG_CXX_LIBRARY = "libc++";
				CLANG_ENABLE_MODULES = YES;
				CLANG_ENABLE_OBJC_ARC = YES;
				CLANG_WARN_BOOL_CONVERSION = YES;
				CLANG_WARN_CONSTANT_CONVERSION = YES;
				CLANG_WARN_DIRECT_OBJC_ISA_USAGE = YES_ERROR;
				CLANG_WARN_EMPTY_BODY = YES;
				CLANG_WARN_ENUM_CONVERSION = YES;
				CLANG_WARN_INT_CONVERSION = YES;
				CLANG_WARN_OBJC_ROOT_CLASS = YES_ERROR;
				CLANG_WARN_UNREACHABLE_CODE = YES;
				CLANG_WARN__DUPLICATE_METHOD_MATCH = YES;
				"CODE_SIGN_IDENTITY[sdk=iphoneos*]" = "iPhone Developer";
				COPY_PHASE_STRIP = NO;
				DEBUG_INFORMATION_FORMAT = "dwarf-with-dsym";
				ENABLE_NS_ASSERTIONS = NO;
				ENABLE_STRICT_OBJC_MSGSEND = YES;
				GCC_C_LANGUAGE_STANDARD = gnu99;
				GCC_NO_COMMON_BLOCKS = YES;
				GCC_WARN_64_TO_32_BIT_CONVERSION = YES;
				GCC_WARN_ABOUT_RETURN_TYPE = YES_ERROR;
				GCC_WARN_UNDECLARED_SELECTOR = YES;
				GCC_WARN_UNINITIALIZED_AUTOS = YES_AGGRESSIVE;
				GCC_WARN_UNUSED_FUNCTION = YES;
				GCC_WARN_UNUSED_VARIABLE = YES;
				IPHONEOS_DEPLOYMENT_TARGET = 8.4;
				MTL_ENABLE_DEBUG_INFO = NO;
				SDKROOT = iphoneos;
				TARGETED_DEVICE_FAMILY = "1,2";
				VALIDATE_PRODUCT = YES;
			};
			name = Release;
		};
		A67B39881C04A713002E71C1 /* Debug */ = {
			isa = XCBuildConfiguration;
			buildSettings = {
				ASSETCATALOG_COMPILER_APPICON_NAME = AppIcon;
				INFOPLIST_FILE = Trailer/Info.plist;
				LD_RUNPATH_SEARCH_PATHS = "$(inherited) @executable_path/Frameworks";
				PRODUCT_NAME = "$(TARGET_NAME)";
			};
			name = Debug;
		};
		A67B39891C04A713002E71C1 /* Release */ = {
			isa = XCBuildConfiguration;
			buildSettings = {
				ASSETCATALOG_COMPILER_APPICON_NAME = AppIcon;
				INFOPLIST_FILE = Trailer/Info.plist;
				LD_RUNPATH_SEARCH_PATHS = "$(inherited) @executable_path/Frameworks";
				PRODUCT_NAME = "$(TARGET_NAME)";
			};
			name = Release;
		};
		A67B398B1C04A713002E71C1 /* Debug */ = {
			isa = XCBuildConfiguration;
			buildSettings = {
				BUNDLE_LOADER = "$(TEST_HOST)";
				FRAMEWORK_SEARCH_PATHS = (
					"$(SDKROOT)/Developer/Library/Frameworks",
					"$(inherited)",
				);
				GCC_PREPROCESSOR_DEFINITIONS = (
					"DEBUG=1",
					"$(inherited)",
				);
				INFOPLIST_FILE = TrailerTests/Info.plist;
				LD_RUNPATH_SEARCH_PATHS = "$(inherited) @executable_path/Frameworks @loader_path/Frameworks";
				PRODUCT_NAME = "$(TARGET_NAME)";
				TEST_HOST = "$(BUILT_PRODUCTS_DIR)/Trailer.app/Trailer";
			};
			name = Debug;
		};
		A67B398C1C04A713002E71C1 /* Release */ = {
			isa = XCBuildConfiguration;
			buildSettings = {
				BUNDLE_LOADER = "$(TEST_HOST)";
				FRAMEWORK_SEARCH_PATHS = (
					"$(SDKROOT)/Developer/Library/Frameworks",
					"$(inherited)",
				);
				INFOPLIST_FILE = TrailerTests/Info.plist;
				LD_RUNPATH_SEARCH_PATHS = "$(inherited) @executable_path/Frameworks @loader_path/Frameworks";
				PRODUCT_NAME = "$(TARGET_NAME)";
				TEST_HOST = "$(BUILT_PRODUCTS_DIR)/Trailer.app/Trailer";
			};
			name = Release;
		};
/* End XCBuildConfiguration section */

/* Begin XCConfigurationList section */
		A67B39631C04A713002E71C1 /* Build configuration list for PBXProject "Trailer" */ = {
			isa = XCConfigurationList;
			buildConfigurations = (
				A67B39851C04A713002E71C1 /* Debug */,
				A67B39861C04A713002E71C1 /* Release */,
			);
			defaultConfigurationIsVisible = 0;
			defaultConfigurationName = Release;
		};
		A67B39871C04A713002E71C1 /* Build configuration list for PBXNativeTarget "Trailer" */ = {
			isa = XCConfigurationList;
			buildConfigurations = (
				A67B39881C04A713002E71C1 /* Debug */,
				A67B39891C04A713002E71C1 /* Release */,
			);
			defaultConfigurationIsVisible = 0;
		};
		A67B398A1C04A713002E71C1 /* Build configuration list for PBXNativeTarget "TrailerTests" */ = {
			isa = XCConfigurationList;
			buildConfigurations = (
				A67B398B1C04A713002E71C1 /* Debug */,
				A67B398C1C04A713002E71C1 /* Release */,
			);
			defaultConfigurationIsVisible = 0;
		};
/* End XCConfigurationList section */
	};
	rootObject = A67B39601C04A713002E71C1 /* Project object */;
}
